
Microsoft Visual Studio Solution File, Format Version 12.00
# Visual Studio Version 16
VisualStudioVersion = 16.0.29123.89
MinimumVisualStudioVersion = 10.0.40219.1
Project("{FAE04EC0-301F-11D3-BF4B-00C04F79EFBC}") = "Ornek", "Ornek\Ornek.csproj", "{B57243DF-B631-43C3-AAFB-9EAE845CE663}"
EndProject
Project("{FAE04EC0-301F-11D3-BF4B-00C04F79EFBC}") = "OrnekMVC", "OrnekMVC\OrnekMVC.csproj", "{30AB3EA9-B7E6-48C8-9418-CE2163D694CF}"
EndProject
Global
	GlobalSection(SolutionConfigurationPlatforms) = preSolution
		Debug|Any CPU = Debug|Any CPU
		Release|Any CPU = Release|Any CPU
	EndGlobalSection
	GlobalSection(ProjectConfigurationPlatforms) = postSolution
		{B57243DF-B631-43C3-AAFB-9EAE845CE663}.Debug|Any CPU.ActiveCfg = Debug|Any CPU
		{B57243DF-B631-43C3-AAFB-9EAE845CE663}.Debug|Any CPU.Build.0 = Debug|Any CPU
		{B57243DF-B631-43C3-AAFB-9EAE845CE663}.Release|Any CPU.ActiveCfg = Release|Any CPU
		{B57243DF-B631-43C3-AAFB-9EAE845CE663}.Release|Any CPU.Build.0 = Release|Any CPU
		{30AB3EA9-B7E6-48C8-9418-CE2163D694CF}.Debug|Any CPU.ActiveCfg = Debug|Any CPU
		{30AB3EA9-B7E6-48C8-9418-CE2163D694CF}.Debug|Any CPU.Build.0 = Debug|Any CPU
		{30AB3EA9-B7E6-48C8-9418-CE2163D694CF}.Release|Any CPU.ActiveCfg = Release|Any CPU
		{30AB3EA9-B7E6-48C8-9418-CE2163D694CF}.Release|Any CPU.Build.0 = Release|Any CPU
	EndGlobalSection
	GlobalSection(SolutionProperties) = preSolution
		HideSolutionNode = FALSE
	EndGlobalSection
	GlobalSection(ExtensibilityGlobals) = postSolution
		SolutionGuid = {A2E3FE19-6DC9-45B2-8768-F0487AB9E348}
	EndGlobalSection
EndGlobal
